
Microsoft Visual Studio Solution File, Format Version 12.00
Project("{FAE04EC0-301F-11D3-BF4B-00C04F79EFBC}") = "Studenten", "Studenten\Studenten.csproj", "{1542CCA7-5B26-4D62-8442-DEBD817E5F85}"
EndProject
Project("{FAE04EC0-301F-11D3-BF4B-00C04F79EFBC}") = "StudentenTest", "StudentenTest\StudentenTest.csproj", "{3F5998A0-4EA1-40FC-AE75-E4A999E7B4BD}"
EndProject
Global
	GlobalSection(SolutionConfigurationPlatforms) = preSolution
		Debug|Any CPU = Debug|Any CPU
		Release|Any CPU = Release|Any CPU
	EndGlobalSection
	GlobalSection(ProjectConfigurationPlatforms) = postSolution
		{1542CCA7-5B26-4D62-8442-DEBD817E5F85}.Debug|Any CPU.ActiveCfg = Debug|Any CPU
		{1542CCA7-5B26-4D62-8442-DEBD817E5F85}.Debug|Any CPU.Build.0 = Debug|Any CPU
		{1542CCA7-5B26-4D62-8442-DEBD817E5F85}.Release|Any CPU.ActiveCfg = Release|Any CPU
		{1542CCA7-5B26-4D62-8442-DEBD817E5F85}.Release|Any CPU.Build.0 = Release|Any CPU
		{3F5998A0-4EA1-40FC-AE75-E4A999E7B4BD}.Debug|Any CPU.ActiveCfg = Debug|Any CPU
		{3F5998A0-4EA1-40FC-AE75-E4A999E7B4BD}.Debug|Any CPU.Build.0 = Debug|Any CPU
		{3F5998A0-4EA1-40FC-AE75-E4A999E7B4BD}.Release|Any CPU.ActiveCfg = Release|Any CPU
		{3F5998A0-4EA1-40FC-AE75-E4A999E7B4BD}.Release|Any CPU.Build.0 = Release|Any CPU
	EndGlobalSection
EndGlobal
