
Microsoft Visual Studio Solution File, Format Version 12.00
# Visual Studio Version 17
VisualStudioVersion = 17.0.31903.59
MinimumVisualStudioVersion = 10.0.40219.1
Project("{FAE04EC0-301F-11D3-BF4B-00C04F79EFBC}") = "ComputerEnCPU", "ComputerEnCPU\ComputerEnCPU.csproj", "{85FBF850-CA18-4090-B2A6-2BD398EA309C}"
EndProject
Project("{FAE04EC0-301F-11D3-BF4B-00C04F79EFBC}") = "ComputerEnCPUTest", "ComputerEnCPUTest\ComputerEnCPUTest.csproj", "{CA14050B-C12C-4FC6-9034-5D8D9273D8CA}"
EndProject
Global
	GlobalSection(SolutionConfigurationPlatforms) = preSolution
		Debug|Any CPU = Debug|Any CPU
		Release|Any CPU = Release|Any CPU
	EndGlobalSection
	GlobalSection(SolutionProperties) = preSolution
		HideSolutionNode = FALSE
	EndGlobalSection
	GlobalSection(ProjectConfigurationPlatforms) = postSolution
		{85FBF850-CA18-4090-B2A6-2BD398EA309C}.Debug|Any CPU.ActiveCfg = Debug|Any CPU
		{85FBF850-CA18-4090-B2A6-2BD398EA309C}.Debug|Any CPU.Build.0 = Debug|Any CPU
		{85FBF850-CA18-4090-B2A6-2BD398EA309C}.Release|Any CPU.ActiveCfg = Release|Any CPU
		{85FBF850-CA18-4090-B2A6-2BD398EA309C}.Release|Any CPU.Build.0 = Release|Any CPU
		{CA14050B-C12C-4FC6-9034-5D8D9273D8CA}.Debug|Any CPU.ActiveCfg = Debug|Any CPU
		{CA14050B-C12C-4FC6-9034-5D8D9273D8CA}.Debug|Any CPU.Build.0 = Debug|Any CPU
		{CA14050B-C12C-4FC6-9034-5D8D9273D8CA}.Release|Any CPU.ActiveCfg = Release|Any CPU
		{CA14050B-C12C-4FC6-9034-5D8D9273D8CA}.Release|Any CPU.Build.0 = Release|Any CPU
	EndGlobalSection
EndGlobal
