
Microsoft Visual Studio Solution File, Format Version 12.00
Project("{FAE04EC0-301F-11D3-BF4B-00C04F79EFBC}") = "Lijsten", "Lijsten\Lijsten.csproj", "{0FA63FF0-5E36-4BF1-88FD-22B975FCAA6D}"
EndProject
Project("{FAE04EC0-301F-11D3-BF4B-00C04F79EFBC}") = "LijstenTest", "LijstenTest\LijstenTest.csproj", "{F797FD4B-7FB2-4822-A03A-B74251330AA8}"
EndProject
Global
	GlobalSection(SolutionConfigurationPlatforms) = preSolution
		Debug|Any CPU = Debug|Any CPU
		Release|Any CPU = Release|Any CPU
	EndGlobalSection
	GlobalSection(ProjectConfigurationPlatforms) = postSolution
		{0FA63FF0-5E36-4BF1-88FD-22B975FCAA6D}.Debug|Any CPU.ActiveCfg = Debug|Any CPU
		{0FA63FF0-5E36-4BF1-88FD-22B975FCAA6D}.Debug|Any CPU.Build.0 = Debug|Any CPU
		{0FA63FF0-5E36-4BF1-88FD-22B975FCAA6D}.Release|Any CPU.ActiveCfg = Release|Any CPU
		{0FA63FF0-5E36-4BF1-88FD-22B975FCAA6D}.Release|Any CPU.Build.0 = Release|Any CPU
		{F797FD4B-7FB2-4822-A03A-B74251330AA8}.Debug|Any CPU.ActiveCfg = Debug|Any CPU
		{F797FD4B-7FB2-4822-A03A-B74251330AA8}.Debug|Any CPU.Build.0 = Debug|Any CPU
		{F797FD4B-7FB2-4822-A03A-B74251330AA8}.Release|Any CPU.ActiveCfg = Release|Any CPU
		{F797FD4B-7FB2-4822-A03A-B74251330AA8}.Release|Any CPU.Build.0 = Release|Any CPU
	EndGlobalSection
EndGlobal
