
Microsoft Visual Studio Solution File, Format Version 12.00
Project("{FAE04EC0-301F-11D3-BF4B-00C04F79EFBC}") = "Namen", "Namen\Namen.csproj", "{871711DF-46AE-44F2-BB81-054921E2DC99}"
EndProject
Project("{FAE04EC0-301F-11D3-BF4B-00C04F79EFBC}") = "NamenTest", "NamenTest\NamenTest.csproj", "{A15082FA-34C6-41A7-9FAA-AFE8557ACEB9}"
EndProject
Global
	GlobalSection(SolutionConfigurationPlatforms) = preSolution
		Debug|Any CPU = Debug|Any CPU
		Release|Any CPU = Release|Any CPU
	EndGlobalSection
	GlobalSection(ProjectConfigurationPlatforms) = postSolution
		{871711DF-46AE-44F2-BB81-054921E2DC99}.Debug|Any CPU.ActiveCfg = Debug|Any CPU
		{871711DF-46AE-44F2-BB81-054921E2DC99}.Debug|Any CPU.Build.0 = Debug|Any CPU
		{871711DF-46AE-44F2-BB81-054921E2DC99}.Release|Any CPU.ActiveCfg = Release|Any CPU
		{871711DF-46AE-44F2-BB81-054921E2DC99}.Release|Any CPU.Build.0 = Release|Any CPU
		{A15082FA-34C6-41A7-9FAA-AFE8557ACEB9}.Debug|Any CPU.ActiveCfg = Debug|Any CPU
		{A15082FA-34C6-41A7-9FAA-AFE8557ACEB9}.Debug|Any CPU.Build.0 = Debug|Any CPU
		{A15082FA-34C6-41A7-9FAA-AFE8557ACEB9}.Release|Any CPU.ActiveCfg = Release|Any CPU
		{A15082FA-34C6-41A7-9FAA-AFE8557ACEB9}.Release|Any CPU.Build.0 = Release|Any CPU
	EndGlobalSection
EndGlobal
