
Microsoft Visual Studio Solution File, Format Version 12.00
Project("{FAE04EC0-301F-11D3-BF4B-00C04F79EFBC}") = "Wiskunde", "Wiskunde\Wiskunde.csproj", "{8D8041F4-6A31-4402-B2BB-79972B7D2A6B}"
EndProject
Project("{FAE04EC0-301F-11D3-BF4B-00C04F79EFBC}") = "WiskundeTest", "WiskundeTest\WiskundeTest.csproj", "{DC376882-D37A-44A0-9173-D1DAD67C221C}"
EndProject
Global
	GlobalSection(SolutionConfigurationPlatforms) = preSolution
		Debug|Any CPU = Debug|Any CPU
		Release|Any CPU = Release|Any CPU
	EndGlobalSection
	GlobalSection(ProjectConfigurationPlatforms) = postSolution
		{8D8041F4-6A31-4402-B2BB-79972B7D2A6B}.Debug|Any CPU.ActiveCfg = Debug|Any CPU
		{8D8041F4-6A31-4402-B2BB-79972B7D2A6B}.Debug|Any CPU.Build.0 = Debug|Any CPU
		{8D8041F4-6A31-4402-B2BB-79972B7D2A6B}.Release|Any CPU.ActiveCfg = Release|Any CPU
		{8D8041F4-6A31-4402-B2BB-79972B7D2A6B}.Release|Any CPU.Build.0 = Release|Any CPU
		{DC376882-D37A-44A0-9173-D1DAD67C221C}.Debug|Any CPU.ActiveCfg = Debug|Any CPU
		{DC376882-D37A-44A0-9173-D1DAD67C221C}.Debug|Any CPU.Build.0 = Debug|Any CPU
		{DC376882-D37A-44A0-9173-D1DAD67C221C}.Release|Any CPU.ActiveCfg = Release|Any CPU
		{DC376882-D37A-44A0-9173-D1DAD67C221C}.Release|Any CPU.Build.0 = Release|Any CPU
	EndGlobalSection
EndGlobal
