
Microsoft Visual Studio Solution File, Format Version 12.00
# Visual Studio Version 17
VisualStudioVersion = 17.0.31903.59
MinimumVisualStudioVersion = 10.0.40219.1
Project("{FAE04EC0-301F-11D3-BF4B-00C04F79EFBC}") = "VluchtEnPassagiers", "VluchtEnPassagiers\VluchtEnPassagiers.csproj", "{94DA733E-CEE3-4058-B634-E3537C56C973}"
EndProject
Project("{FAE04EC0-301F-11D3-BF4B-00C04F79EFBC}") = "VluchtEnPassagiersTest", "VluchtEnPassagiersTest\VluchtEnPassagiersTest.csproj", "{E01AE372-25BB-4B75-9C38-5C0079B46861}"
EndProject
Global
	GlobalSection(SolutionConfigurationPlatforms) = preSolution
		Debug|Any CPU = Debug|Any CPU
		Release|Any CPU = Release|Any CPU
	EndGlobalSection
	GlobalSection(SolutionProperties) = preSolution
		HideSolutionNode = FALSE
	EndGlobalSection
	GlobalSection(ProjectConfigurationPlatforms) = postSolution
		{94DA733E-CEE3-4058-B634-E3537C56C973}.Debug|Any CPU.ActiveCfg = Debug|Any CPU
		{94DA733E-CEE3-4058-B634-E3537C56C973}.Debug|Any CPU.Build.0 = Debug|Any CPU
		{94DA733E-CEE3-4058-B634-E3537C56C973}.Release|Any CPU.ActiveCfg = Release|Any CPU
		{94DA733E-CEE3-4058-B634-E3537C56C973}.Release|Any CPU.Build.0 = Release|Any CPU
		{E01AE372-25BB-4B75-9C38-5C0079B46861}.Debug|Any CPU.ActiveCfg = Debug|Any CPU
		{E01AE372-25BB-4B75-9C38-5C0079B46861}.Debug|Any CPU.Build.0 = Debug|Any CPU
		{E01AE372-25BB-4B75-9C38-5C0079B46861}.Release|Any CPU.ActiveCfg = Release|Any CPU
		{E01AE372-25BB-4B75-9C38-5C0079B46861}.Release|Any CPU.Build.0 = Release|Any CPU
	EndGlobalSection
EndGlobal
