
Microsoft Visual Studio Solution File, Format Version 12.00
# Visual Studio Version 17
VisualStudioVersion = 17.0.31903.59
MinimumVisualStudioVersion = 10.0.40219.1
Project("{FAE04EC0-301F-11D3-BF4B-00C04F79EFBC}") = "StudentEnDocent", "StudentEnDocent\StudentEnDocent.csproj", "{125501E5-4AF8-4B07-B20E-B62CDC62DAD3}"
EndProject
Project("{FAE04EC0-301F-11D3-BF4B-00C04F79EFBC}") = "TeacherAndStudentsTest", "TeacherAndStudentsTest\TeacherAndStudentsTest.csproj", "{B1B88C3E-19D4-4D21-A3CE-61B98E6FC763}"
EndProject
Global
	GlobalSection(SolutionConfigurationPlatforms) = preSolution
		Debug|Any CPU = Debug|Any CPU
		Release|Any CPU = Release|Any CPU
	EndGlobalSection
	GlobalSection(SolutionProperties) = preSolution
		HideSolutionNode = FALSE
	EndGlobalSection
	GlobalSection(ProjectConfigurationPlatforms) = postSolution
		{125501E5-4AF8-4B07-B20E-B62CDC62DAD3}.Debug|Any CPU.ActiveCfg = Debug|Any CPU
		{125501E5-4AF8-4B07-B20E-B62CDC62DAD3}.Debug|Any CPU.Build.0 = Debug|Any CPU
		{125501E5-4AF8-4B07-B20E-B62CDC62DAD3}.Release|Any CPU.ActiveCfg = Release|Any CPU
		{125501E5-4AF8-4B07-B20E-B62CDC62DAD3}.Release|Any CPU.Build.0 = Release|Any CPU
		{B1B88C3E-19D4-4D21-A3CE-61B98E6FC763}.Debug|Any CPU.ActiveCfg = Debug|Any CPU
		{B1B88C3E-19D4-4D21-A3CE-61B98E6FC763}.Debug|Any CPU.Build.0 = Debug|Any CPU
		{B1B88C3E-19D4-4D21-A3CE-61B98E6FC763}.Release|Any CPU.ActiveCfg = Release|Any CPU
		{B1B88C3E-19D4-4D21-A3CE-61B98E6FC763}.Release|Any CPU.Build.0 = Release|Any CPU
	EndGlobalSection
EndGlobal
