
Microsoft Visual Studio Solution File, Format Version 12.00
# Visual Studio Version 17
VisualStudioVersion = 17.0.31903.59
MinimumVisualStudioVersion = 10.0.40219.1
Project("{FAE04EC0-301F-11D3-BF4B-00C04F79EFBC}") = "Cursusinschrijving", "Cursusinschrijving\Cursusinschrijving.csproj", "{3FB715E3-4025-45DC-8F91-F8EE74C6F570}"
EndProject
Project("{FAE04EC0-301F-11D3-BF4B-00C04F79EFBC}") = "CursusinschrijvingTest", "CursusinschrijvingTest\CursusinschrijvingTest.csproj", "{5A16DECE-A6D5-4595-8910-FB81887DAE22}"
EndProject
Global
	GlobalSection(SolutionConfigurationPlatforms) = preSolution
		Debug|Any CPU = Debug|Any CPU
		Release|Any CPU = Release|Any CPU
	EndGlobalSection
	GlobalSection(SolutionProperties) = preSolution
		HideSolutionNode = FALSE
	EndGlobalSection
	GlobalSection(ProjectConfigurationPlatforms) = postSolution
		{3FB715E3-4025-45DC-8F91-F8EE74C6F570}.Debug|Any CPU.ActiveCfg = Debug|Any CPU
		{3FB715E3-4025-45DC-8F91-F8EE74C6F570}.Debug|Any CPU.Build.0 = Debug|Any CPU
		{3FB715E3-4025-45DC-8F91-F8EE74C6F570}.Release|Any CPU.ActiveCfg = Release|Any CPU
		{3FB715E3-4025-45DC-8F91-F8EE74C6F570}.Release|Any CPU.Build.0 = Release|Any CPU
		{5A16DECE-A6D5-4595-8910-FB81887DAE22}.Debug|Any CPU.ActiveCfg = Debug|Any CPU
		{5A16DECE-A6D5-4595-8910-FB81887DAE22}.Debug|Any CPU.Build.0 = Debug|Any CPU
		{5A16DECE-A6D5-4595-8910-FB81887DAE22}.Release|Any CPU.ActiveCfg = Release|Any CPU
		{5A16DECE-A6D5-4595-8910-FB81887DAE22}.Release|Any CPU.Build.0 = Release|Any CPU
	EndGlobalSection
EndGlobal
