
Microsoft Visual Studio Solution File, Format Version 12.00
# Visual Studio Version 17
VisualStudioVersion = 17.0.31903.59
MinimumVisualStudioVersion = 10.0.40219.1
Project("{FAE04EC0-301F-11D3-BF4B-00C04F79EFBC}") = "HuisEnKamers", "HuisEnKamers\HuisEnKamers.csproj", "{7F1D9781-9B45-4E3E-A71F-0D121A5C1965}"
EndProject
Project("{FAE04EC0-301F-11D3-BF4B-00C04F79EFBC}") = "HuisEnKamersTest", "HuisEnKamersTest\HuisEnKamersTest.csproj", "{B30A068B-8761-4284-B929-A9701C5ABBE7}"
EndProject
Global
	GlobalSection(SolutionConfigurationPlatforms) = preSolution
		Debug|Any CPU = Debug|Any CPU
		Release|Any CPU = Release|Any CPU
	EndGlobalSection
	GlobalSection(SolutionProperties) = preSolution
		HideSolutionNode = FALSE
	EndGlobalSection
	GlobalSection(ProjectConfigurationPlatforms) = postSolution
		{7F1D9781-9B45-4E3E-A71F-0D121A5C1965}.Debug|Any CPU.ActiveCfg = Debug|Any CPU
		{7F1D9781-9B45-4E3E-A71F-0D121A5C1965}.Debug|Any CPU.Build.0 = Debug|Any CPU
		{7F1D9781-9B45-4E3E-A71F-0D121A5C1965}.Release|Any CPU.ActiveCfg = Release|Any CPU
		{7F1D9781-9B45-4E3E-A71F-0D121A5C1965}.Release|Any CPU.Build.0 = Release|Any CPU
		{B30A068B-8761-4284-B929-A9701C5ABBE7}.Debug|Any CPU.ActiveCfg = Debug|Any CPU
		{B30A068B-8761-4284-B929-A9701C5ABBE7}.Debug|Any CPU.Build.0 = Debug|Any CPU
		{B30A068B-8761-4284-B929-A9701C5ABBE7}.Release|Any CPU.ActiveCfg = Release|Any CPU
		{B30A068B-8761-4284-B929-A9701C5ABBE7}.Release|Any CPU.Build.0 = Release|Any CPU
	EndGlobalSection
EndGlobal
