
Microsoft Visual Studio Solution File, Format Version 12.00
# Visual Studio Version 17
VisualStudioVersion = 17.0.31903.59
MinimumVisualStudioVersion = 10.0.40219.1
Project("{FAE04EC0-301F-11D3-BF4B-00C04F79EFBC}") = "ArtsenEnPatienten", "ArtsenEnPatienten\ArtsenEnPatienten.csproj", "{53FDD0CD-A821-4B12-8360-9D7346EACB7B}"
EndProject
Project("{FAE04EC0-301F-11D3-BF4B-00C04F79EFBC}") = "ArtsenEnPatientenTest", "ArtsenEnPatientenTest\ArtsenEnPatientenTest.csproj", "{3084DF0C-9C81-47C1-AEB9-094B30965364}"
EndProject
Global
	GlobalSection(SolutionConfigurationPlatforms) = preSolution
		Debug|Any CPU = Debug|Any CPU
		Release|Any CPU = Release|Any CPU
	EndGlobalSection
	GlobalSection(SolutionProperties) = preSolution
		HideSolutionNode = FALSE
	EndGlobalSection
	GlobalSection(ProjectConfigurationPlatforms) = postSolution
		{53FDD0CD-A821-4B12-8360-9D7346EACB7B}.Debug|Any CPU.ActiveCfg = Debug|Any CPU
		{53FDD0CD-A821-4B12-8360-9D7346EACB7B}.Debug|Any CPU.Build.0 = Debug|Any CPU
		{53FDD0CD-A821-4B12-8360-9D7346EACB7B}.Release|Any CPU.ActiveCfg = Release|Any CPU
		{53FDD0CD-A821-4B12-8360-9D7346EACB7B}.Release|Any CPU.Build.0 = Release|Any CPU
		{3084DF0C-9C81-47C1-AEB9-094B30965364}.Debug|Any CPU.ActiveCfg = Debug|Any CPU
		{3084DF0C-9C81-47C1-AEB9-094B30965364}.Debug|Any CPU.Build.0 = Debug|Any CPU
		{3084DF0C-9C81-47C1-AEB9-094B30965364}.Release|Any CPU.ActiveCfg = Release|Any CPU
		{3084DF0C-9C81-47C1-AEB9-094B30965364}.Release|Any CPU.Build.0 = Release|Any CPU
	EndGlobalSection
EndGlobal
