
Microsoft Visual Studio Solution File, Format Version 12.00
# Visual Studio Version 17
VisualStudioVersion = 17.0.31903.59
MinimumVisualStudioVersion = 10.0.40219.1
Project("{FAE04EC0-301F-11D3-BF4B-00C04F79EFBC}") = "StudentCijfers", "StudentCijfers\StudentCijfers.csproj", "{E6FE7919-DF50-43D3-9EFA-86B0D491AF78}"
EndProject
Project("{FAE04EC0-301F-11D3-BF4B-00C04F79EFBC}") = "StudentCijfersTest", "StudentCijfersTest\StudentCijfersTest.csproj", "{4A2DDE29-043E-4337-93CE-271F66D9DE92}"
EndProject
Global
	GlobalSection(SolutionConfigurationPlatforms) = preSolution
		Debug|Any CPU = Debug|Any CPU
		Release|Any CPU = Release|Any CPU
	EndGlobalSection
	GlobalSection(SolutionProperties) = preSolution
		HideSolutionNode = FALSE
	EndGlobalSection
	GlobalSection(ProjectConfigurationPlatforms) = postSolution
		{E6FE7919-DF50-43D3-9EFA-86B0D491AF78}.Debug|Any CPU.ActiveCfg = Debug|Any CPU
		{E6FE7919-DF50-43D3-9EFA-86B0D491AF78}.Debug|Any CPU.Build.0 = Debug|Any CPU
		{E6FE7919-DF50-43D3-9EFA-86B0D491AF78}.Release|Any CPU.ActiveCfg = Release|Any CPU
		{E6FE7919-DF50-43D3-9EFA-86B0D491AF78}.Release|Any CPU.Build.0 = Release|Any CPU
		{4A2DDE29-043E-4337-93CE-271F66D9DE92}.Debug|Any CPU.ActiveCfg = Debug|Any CPU
		{4A2DDE29-043E-4337-93CE-271F66D9DE92}.Debug|Any CPU.Build.0 = Debug|Any CPU
		{4A2DDE29-043E-4337-93CE-271F66D9DE92}.Release|Any CPU.ActiveCfg = Release|Any CPU
		{4A2DDE29-043E-4337-93CE-271F66D9DE92}.Release|Any CPU.Build.0 = Release|Any CPU
	EndGlobalSection
EndGlobal
